# This file is automatically @generated by Cargo.
# It is not intended for manual editing.
version = 4

[[package]]
name = "convert-encoding"
version = "2.1.0"
dependencies = [
 "samp-sdk",
]

[[package]]
name = "samp-sdk"
version = "0.1.0"
source = "git+ssh://git@github.com/uphokaew/samp-plugin-rs.git?branch=main#6744bcf9ef475954b4cc1e918a7b398c93850734"
